
Microsoft Visual Studio Solution File, Format Version 12.00
# Visual Studio Version 17
VisualStudioVersion = 17.9.34728.123
MinimumVisualStudioVersion = 10.0.40219.1
Project("{9A19103F-16F7-4668-BE54-9A1E7A4F7556}") = "LibraryManagementClient", "LibraryManagementClient\LibraryManagementClient.csproj", "{0697E7E9-38B5-4C5D-B19E-C9E14885754D}"
EndProject
Project("{9A19103F-16F7-4668-BE54-9A1E7A4F7556}") = "LibraryManagementServer", "LibraryManagementServer\LibraryManagementServer.csproj", "{8A60CC75-F150-4955-9603-4DD8FA321360}"
EndProject
Project("{9A19103F-16F7-4668-BE54-9A1E7A4F7556}") = "LibraryManagementShared", "LibraryManagementShared\LibraryManagementShared.csproj", "{DF2B1B97-6A88-453C-B3C5-09F77D3D1592}"
EndProject
Global
	GlobalSection(SolutionConfigurationPlatforms) = preSolution
		Debug|Any CPU = Debug|Any CPU
		Release|Any CPU = Release|Any CPU
	EndGlobalSection
	GlobalSection(ProjectConfigurationPlatforms) = postSolution
		{0697E7E9-38B5-4C5D-B19E-C9E14885754D}.Debug|Any CPU.ActiveCfg = Debug|Any CPU
		{0697E7E9-38B5-4C5D-B19E-C9E14885754D}.Debug|Any CPU.Build.0 = Debug|Any CPU
		{0697E7E9-38B5-4C5D-B19E-C9E14885754D}.Release|Any CPU.ActiveCfg = Release|Any CPU
		{0697E7E9-38B5-4C5D-B19E-C9E14885754D}.Release|Any CPU.Build.0 = Release|Any CPU
		{8A60CC75-F150-4955-9603-4DD8FA321360}.Debug|Any CPU.ActiveCfg = Debug|Any CPU
		{8A60CC75-F150-4955-9603-4DD8FA321360}.Debug|Any CPU.Build.0 = Debug|Any CPU
		{8A60CC75-F150-4955-9603-4DD8FA321360}.Release|Any CPU.ActiveCfg = Release|Any CPU
		{8A60CC75-F150-4955-9603-4DD8FA321360}.Release|Any CPU.Build.0 = Release|Any CPU
		{DF2B1B97-6A88-453C-B3C5-09F77D3D1592}.Debug|Any CPU.ActiveCfg = Debug|Any CPU
		{DF2B1B97-6A88-453C-B3C5-09F77D3D1592}.Debug|Any CPU.Build.0 = Debug|Any CPU
		{DF2B1B97-6A88-453C-B3C5-09F77D3D1592}.Release|Any CPU.ActiveCfg = Release|Any CPU
		{DF2B1B97-6A88-453C-B3C5-09F77D3D1592}.Release|Any CPU.Build.0 = Release|Any CPU
	EndGlobalSection
	GlobalSection(SolutionProperties) = preSolution
		HideSolutionNode = FALSE
	EndGlobalSection
	GlobalSection(ExtensibilityGlobals) = postSolution
		SolutionGuid = {2169E498-7D9B-463C-9A15-F16EAE470587}
	EndGlobalSection
EndGlobal
